
Microsoft Visual Studio Solution File, Format Version 11.00
# Visual Studio 2010
Project("{2150E333-8FDC-42A3-9474-1A3956D46DE8}") = "Cloud", "Cloud", "{700FC446-DFAB-4E3E-A115-CB2FE18985EF}"
EndProject
Project("{2150E333-8FDC-42A3-9474-1A3956D46DE8}") = "Embed_v1", "Embed_v1", "{8160A695-11B2-43A4-A50D-C1369650752C}"
EndProject
Project("{2150E333-8FDC-42A3-9474-1A3956D46DE8}") = "Common", "Common", "{ADAF4727-D454-4FE7-8BED-4E0D81BFBFE2}"
EndProject
Project("{2150E333-8FDC-42A3-9474-1A3956D46DE8}") = "Client", "Client", "{ECCE6082-5CAD-4B8F-9B22-E9E084EDEA82}"
EndProject
Project("{2150E333-8FDC-42A3-9474-1A3956D46DE8}") = "Lib", "Lib", "{8C0CBB31-422A-417A-AFAD-262098284E28}"
	ProjectSection(SolutionItems) = preProject
		3rdParty\FJ.Core.dll = 3rdParty\FJ.Core.dll
		Embed\Lib\RoBoIO.dll = Embed\Lib\RoBoIO.dll
		Embed\Lib\WinIo.dll = Embed\Lib\WinIo.dll
		Embed\Lib\WinIo.sys = Embed\Lib\WinIo.sys
	EndProjectSection
EndProject
Project("{FAE04EC0-301F-11D3-BF4B-00C04F79EFBC}") = "QuidMind.CloRoFeel.CamGrabber", "Embed\QuidMind.CloRoFeel.CamGrabber\QuidMind.CloRoFeel.CamGrabber.csproj", "{10F758BD-3DC4-4AEE-B4A2-21E94BD69119}"
EndProject
Project("{FAE04EC0-301F-11D3-BF4B-00C04F79EFBC}") = "CloRoFeel_Attente_WebRole", "Cloud\CloRoFeel_Attente_WebRole\CloRoFeel_Attente_WebRole.csproj", "{A43E4D2F-4E21-46A9-B42B-F8BA6B969259}"
EndProject
Project("{FAE04EC0-301F-11D3-BF4B-00C04F79EFBC}") = "QuidMind.CloRoFeel.VideoViewer", "Cloud\QuidMind.CloRoFeel.VideoViewer\QuidMind.CloRoFeel.VideoViewer.csproj", "{95A2BCE9-1287-41E6-A2BF-FB5E588DCC1E}"
	ProjectSection(ProjectDependencies) = postProject
		{A43E4D2F-4E21-46A9-B42B-F8BA6B969259} = {A43E4D2F-4E21-46A9-B42B-F8BA6B969259}
	EndProjectSection
EndProject
Project("{CC5FD16D-436D-48AD-A40C-5A424C6E3E79}") = "CloRofeel_Azure_Web", "Cloud\CloRofeel_Web\CloRofeel_Azure_Web.ccproj", "{D5B1948C-5B78-4BE4-9FEB-FC82D431FED4}"
EndProject
Project("{FAE04EC0-301F-11D3-BF4B-00C04F79EFBC}") = "QuidMind.CloRoFeel.BootLoader", "Embed\QuidMind.CloRoFeel.BootLoader\QuidMind.CloRoFeel.BootLoader.csproj", "{2BF8E6EC-095A-4FB8-A5F7-8DC2475D3140}"
EndProject
Project("{FAE04EC0-301F-11D3-BF4B-00C04F79EFBC}") = "QuidMind.CloRoFeel.RoboardServiceImplementation", "Embed\QuidMind.CloRoFeel.RoboardServiceImplementation\QuidMind.CloRoFeel.RoboardServiceImplementation.csproj", "{4E4EFD83-6846-47FC-B9C7-8663B18270D6}"
EndProject
Project("{FAE04EC0-301F-11D3-BF4B-00C04F79EFBC}") = "QuidMind.CloRoFeel.RoboardServiceInterface", "Embed\QuidMind.CloRoFeel.RoboardServiceInterface\QuidMind.CloRoFeel.RoboardServiceInterface.csproj", "{8C01E4F4-EC11-4599-87A6-CF84F720F0A8}"
EndProject
Project("{FAE04EC0-301F-11D3-BF4B-00C04F79EFBC}") = "QuidMind.CloRoFeel.CloRoFeelClientWP7", "Client\QuidMind.CloRoFeel.CloRoFeelClientWP7\QuidMind.CloRoFeel.CloRoFeelClientWP7.csproj", "{68D2F57A-1F38-49D4-AAC9-644361D35F68}"
EndProject
Project("{FAE04EC0-301F-11D3-BF4B-00C04F79EFBC}") = "QuidMind.CloRoFeel.EmbeddedHelper", "Embed\QuidMind.CloRoFeel.EmbeddedHelper\QuidMind.CloRoFeel.EmbeddedHelper.csproj", "{017933F3-8BFE-44A2-9A65-D6F851C15323}"
EndProject
Project("{FAE04EC0-301F-11D3-BF4B-00C04F79EFBC}") = "QuidMind.CloRoFeel.ServiceInterface", "Common\QuidMind.CloRoFeel.ServiceInterface\QuidMind.CloRoFeel.ServiceInterface.csproj", "{A9B84F4C-C21B-4588-B54A-63947172F81F}"
EndProject
Project("{FAE04EC0-301F-11D3-BF4B-00C04F79EFBC}") = "RoBoIO_DotNet", "Embed\RoBoIO_DotNet\RoBoIO_DotNet.csproj", "{88D6D3D4-5033-46E6-95A0-716B7F8A131C}"
EndProject
Project("{FAE04EC0-301F-11D3-BF4B-00C04F79EFBC}") = "QuidMind.CloRoFeel.RobotService", "Embed\QuidMind.CloRoFeel.RobotService\QuidMind.CloRoFeel.RobotService.csproj", "{2AB0ED8D-4AC6-4F28-A12C-EA907FD3B348}"
EndProject
Project("{FAE04EC0-301F-11D3-BF4B-00C04F79EFBC}") = "QuidMind.CloRoFeel.RoboardServiceImplementation.Test", "Embed\QuidMind.CloRoFeel.RoboardServiceImplementation.Test\QuidMind.CloRoFeel.RoboardServiceImplementation.Test.csproj", "{84D88F19-C125-4E69-94C9-B2F9D01B9286}"
EndProject
Project("{FAE04EC0-301F-11D3-BF4B-00C04F79EFBC}") = "FaceDetectionTestLuxand", "Client\FaceDetectionTestLuxand\FaceDetectionTestLuxand.csproj", "{D7B1E6D3-EF78-494A-A583-25238880B4F8}"
	ProjectSection(ProjectDependencies) = postProject
		{A43E4D2F-4E21-46A9-B42B-F8BA6B969259} = {A43E4D2F-4E21-46A9-B42B-F8BA6B969259}
	EndProjectSection
EndProject
Project("{FAE04EC0-301F-11D3-BF4B-00C04F79EFBC}") = "QuidMind.CloRoFeel.FaceRecorder", "QuidMind.CloRoFeel.FaceRecorder\QuidMind.CloRoFeel.FaceRecorder.csproj", "{A61A3215-3D44-4FF6-B511-8204EA1BF2DD}"
EndProject
Project("{2150E333-8FDC-42A3-9474-1A3956D46DE8}") = "Embed_v2", "Embed_v2", "{D1864931-BB2B-44F0-BDBC-A69D108C3C63}"
EndProject
Project("{FAE04EC0-301F-11D3-BF4B-00C04F79EFBC}") = "QuidMind.CloRoFeel.BootLoader", "EmbedV2\QuidMind.CloRoFeel.BootLoader\QuidMind.CloRoFeel.BootLoader.csproj", "{BE5EB8BB-A181-4041-93DC-A46F65A48080}"
EndProject
Project("{FAE04EC0-301F-11D3-BF4B-00C04F79EFBC}") = "QuidMind.CloRoFeel.LcdManagerModule", "EmbedV2\QuidMind.CloRoFeel.LcdManagerModule\QuidMind.CloRoFeel.LcdManagerModule.csproj", "{81415F56-3DF1-4910-A9D1-6873118D1D8B}"
EndProject
Project("{FAE04EC0-301F-11D3-BF4B-00C04F79EFBC}") = "QuidMind.CloRoFeel.CoreKernel", "QuidMind.CloRoFeel.CoreKernel\QuidMind.CloRoFeel.CoreKernel.csproj", "{FF6E35E2-6744-4C10-A749-CBD22A4AE937}"
EndProject
Project("{FAE04EC0-301F-11D3-BF4B-00C04F79EFBC}") = "QuidMind.CloRoFeel.WebCamGrabberModule", "EmbedV2\QuidMind.CloRoFeel.WebCamGrabberModule\QuidMind.CloRoFeel.WebCamGrabberModule.csproj", "{C24F6FEF-7F2B-4DE9-81B0-A3049A561A46}"
EndProject
Project("{FAE04EC0-301F-11D3-BF4B-00C04F79EFBC}") = "MFClorofeel", "EmbedV2\MFClorofeel\MFClorofeel.csproj", "{05DEB622-F41F-433E-A3C0-D795BC66F538}"
EndProject
Project("{FAE04EC0-301F-11D3-BF4B-00C04F79EFBC}") = "QuidMind.CloRoFeel.RoboardServiceModule", "EmbedV2\QuidMind.CloRoFeel.RoboardServiceModule\QuidMind.CloRoFeel.RoboardServiceModule.csproj", "{DA8E18C6-43C8-4FF6-8E46-3B86A31A2B91}"
EndProject
Project("{FAE04EC0-301F-11D3-BF4B-00C04F79EFBC}") = "QuidMind.CloRoFeel.MFSensorModule", "QuidMind.CloRoFeel.MFSensorModule\QuidMind.CloRoFeel.MFSensorModule.csproj", "{6D3FD1A3-B290-48A7-A71A-1364979D0224}"
EndProject
Project("{FAE04EC0-301F-11D3-BF4B-00C04F79EFBC}") = "QuidMind.CloRoFeel.RobotServiceModule", "EmbedV2\QuidMind.CloRoFeel.RobotServiceModule\QuidMind.CloRoFeel.RobotServiceModule.csproj", "{E71ABE46-2699-403E-B7E8-ECDA8BBE8E05}"
EndProject
Global
	GlobalSection(TeamFoundationVersionControl) = preSolution
		SccNumberOfProjects = 23
		SccEnterpriseProvider = {4CA58AB2-18FA-4F8D-95D4-32DDF27D184C}
		SccTeamFoundationServer = http://mainserver:8080/tfs/quidmin%20tfs%20collection
		SccLocalPath0 = .
		SccProjectUniqueName1 = Client\\FaceDetectionTestLuxand\\FaceDetectionTestLuxand.csproj
		SccProjectTopLevelParentUniqueName1 = QuidMind.Clorofeel.sln
		SccProjectName1 = Client/FaceDetectionTestLuxand
		SccLocalPath1 = Client\\FaceDetectionTestLuxand
		SccProjectUniqueName2 = Cloud\\CloRoFeel_Attente_WebRole\\CloRoFeel_Attente_WebRole.csproj
		SccProjectTopLevelParentUniqueName2 = QuidMind.Clorofeel.sln
		SccProjectName2 = Cloud/CloRoFeel_Attente_WebRole
		SccLocalPath2 = Cloud\\CloRoFeel_Attente_WebRole
		SccProjectUniqueName3 = Cloud\\CloRofeel_Web\\CloRofeel_Azure_Web.ccproj
		SccProjectTopLevelParentUniqueName3 = QuidMind.Clorofeel.sln
		SccProjectName3 = Cloud/CloRofeel_Web
		SccLocalPath3 = Cloud\\CloRofeel_Web
		SccProjectUniqueName4 = Cloud\\QuidMind.CloRoFeel.VideoViewer\\QuidMind.CloRoFeel.VideoViewer.csproj
		SccProjectTopLevelParentUniqueName4 = QuidMind.Clorofeel.sln
		SccProjectName4 = Cloud/QuidMind.CloRoFeel.VideoViewer
		SccLocalPath4 = Cloud\\QuidMind.CloRoFeel.VideoViewer
		SccProjectUniqueName5 = Common\\QuidMind.CloRoFeel.ServiceInterface\\QuidMind.CloRoFeel.ServiceInterface.csproj
		SccProjectTopLevelParentUniqueName5 = QuidMind.Clorofeel.sln
		SccProjectName5 = Common/QuidMind.CloRoFeel.ServiceInterface
		SccLocalPath5 = Common\\QuidMind.CloRoFeel.ServiceInterface
		SccProjectUniqueName6 = Embed\\QuidMind.CloRoFeel.BootLoader\\QuidMind.CloRoFeel.BootLoader.csproj
		SccProjectTopLevelParentUniqueName6 = QuidMind.Clorofeel.sln
		SccProjectName6 = Embed/QuidMind.CloRoFeel.BootLoader
		SccLocalPath6 = Embed\\QuidMind.CloRoFeel.BootLoader
		SccProjectUniqueName7 = Embed\\QuidMind.CloRoFeel.CamGrabber\\QuidMind.CloRoFeel.CamGrabber.csproj
		SccProjectTopLevelParentUniqueName7 = QuidMind.Clorofeel.sln
		SccProjectName7 = Embed/QuidMind.CloRoFeel.CamGrabber
		SccLocalPath7 = Embed\\QuidMind.CloRoFeel.CamGrabber
		SccProjectUniqueName8 = Embed\\QuidMind.CloRoFeel.EmbeddedHelper\\QuidMind.CloRoFeel.EmbeddedHelper.csproj
		SccProjectTopLevelParentUniqueName8 = QuidMind.Clorofeel.sln
		SccProjectName8 = Embed/QuidMind.CloRoFeel.EmbeddedHelper
		SccLocalPath8 = Embed\\QuidMind.CloRoFeel.EmbeddedHelper
		SccProjectUniqueName9 = Embed\\QuidMind.CloRoFeel.RoboardServiceImplementation.Test\\QuidMind.CloRoFeel.RoboardServiceImplementation.Test.csproj
		SccProjectTopLevelParentUniqueName9 = QuidMind.Clorofeel.sln
		SccProjectName9 = Embed/QuidMind.CloRoFeel.RoboardServiceImplementation.Test
		SccLocalPath9 = Embed\\QuidMind.CloRoFeel.RoboardServiceImplementation.Test
		SccProjectUniqueName10 = Embed\\QuidMind.CloRoFeel.RoboardServiceImplementation\\QuidMind.CloRoFeel.RoboardServiceImplementation.csproj
		SccProjectTopLevelParentUniqueName10 = QuidMind.Clorofeel.sln
		SccProjectName10 = Embed/QuidMind.CloRoFeel.RoboardServiceImplementation
		SccLocalPath10 = Embed\\QuidMind.CloRoFeel.RoboardServiceImplementation
		SccProjectUniqueName11 = Embed\\QuidMind.CloRoFeel.RoboardServiceInterface\\QuidMind.CloRoFeel.RoboardServiceInterface.csproj
		SccProjectTopLevelParentUniqueName11 = QuidMind.Clorofeel.sln
		SccProjectName11 = Embed/QuidMind.CloRoFeel.RoboardServiceInterface
		SccLocalPath11 = Embed\\QuidMind.CloRoFeel.RoboardServiceInterface
		SccProjectUniqueName12 = Embed\\QuidMind.CloRoFeel.RobotService\\QuidMind.CloRoFeel.RobotService.csproj
		SccProjectTopLevelParentUniqueName12 = QuidMind.Clorofeel.sln
		SccProjectName12 = Embed/QuidMind.CloRoFeel.RobotService
		SccLocalPath12 = Embed\\QuidMind.CloRoFeel.RobotService
		SccProjectUniqueName13 = Embed\\RoBoIO_DotNet\\RoBoIO_DotNet.csproj
		SccProjectTopLevelParentUniqueName13 = QuidMind.Clorofeel.sln
		SccProjectName13 = Embed/RoBoIO_DotNet
		SccLocalPath13 = Embed\\RoBoIO_DotNet
		SccProjectUniqueName14 = QuidMind.CloRoFeel.FaceRecorder\\QuidMind.CloRoFeel.FaceRecorder.csproj
		SccProjectTopLevelParentUniqueName14 = QuidMind.Clorofeel.sln
		SccProjectName14 = QuidMind.CloRoFeel.FaceRecorder
		SccLocalPath14 = QuidMind.CloRoFeel.FaceRecorder
		SccProjectUniqueName15 = EmbedV2\\QuidMind.CloRoFeel.BootLoader\\QuidMind.CloRoFeel.BootLoader.csproj
		SccProjectTopLevelParentUniqueName15 = QuidMind.Clorofeel.sln
		SccProjectName15 = EmbedV2/QuidMind.CloRoFeel.BootLoader
		SccLocalPath15 = EmbedV2\\QuidMind.CloRoFeel.BootLoader
		SccProjectUniqueName16 = EmbedV2\\QuidMind.CloRoFeel.LcdManagerModule\\QuidMind.CloRoFeel.LcdManagerModule.csproj
		SccProjectTopLevelParentUniqueName16 = QuidMind.Clorofeel.sln
		SccProjectName16 = EmbedV2/QuidMind.CloRoFeel.LcdManagerModule
		SccLocalPath16 = EmbedV2\\QuidMind.CloRoFeel.LcdManagerModule
		SccProjectUniqueName17 = QuidMind.CloRoFeel.CoreKernel\\QuidMind.CloRoFeel.CoreKernel.csproj
		SccProjectTopLevelParentUniqueName17 = QuidMind.Clorofeel.sln
		SccProjectName17 = QuidMind.CloRoFeel.CoreKernel
		SccLocalPath17 = QuidMind.CloRoFeel.CoreKernel
		SccProjectUniqueName18 = EmbedV2\\QuidMind.CloRoFeel.WebCamGrabberModule\\QuidMind.CloRoFeel.WebCamGrabberModule.csproj
		SccProjectTopLevelParentUniqueName18 = QuidMind.Clorofeel.sln
		SccProjectName18 = EmbedV2/QuidMind.CloRoFeel.WebCamGrabberModule
		SccLocalPath18 = EmbedV2\\QuidMind.CloRoFeel.WebCamGrabberModule
		SccProjectUniqueName19 = EmbedV2\\MFClorofeel\\MFClorofeel.csproj
		SccProjectTopLevelParentUniqueName19 = QuidMind.Clorofeel.sln
		SccProjectName19 = EmbedV2/MFClorofeel
		SccLocalPath19 = EmbedV2\\MFClorofeel
		SccProjectUniqueName20 = EmbedV2\\QuidMind.CloRoFeel.RoboardServiceModule\\QuidMind.CloRoFeel.RoboardServiceModule.csproj
		SccProjectTopLevelParentUniqueName20 = QuidMind.Clorofeel.sln
		SccProjectName20 = EmbedV2/QuidMind.CloRoFeel.RoboardServiceModule
		SccLocalPath20 = EmbedV2\\QuidMind.CloRoFeel.RoboardServiceModule
		SccProjectUniqueName21 = QuidMind.CloRoFeel.MFSensorModule\\QuidMind.CloRoFeel.MFSensorModule.csproj
		SccProjectTopLevelParentUniqueName21 = QuidMind.Clorofeel.sln
		SccProjectName21 = QuidMind.CloRoFeel.MFSensorModule
		SccLocalPath21 = QuidMind.CloRoFeel.MFSensorModule
		SccProjectUniqueName22 = EmbedV2\\QuidMind.CloRoFeel.RobotServiceModule\\QuidMind.CloRoFeel.RobotServiceModule.csproj
		SccProjectTopLevelParentUniqueName22 = QuidMind.Clorofeel.sln
		SccProjectName22 = EmbedV2/QuidMind.CloRoFeel.RobotServiceModule
		SccLocalPath22 = EmbedV2\\QuidMind.CloRoFeel.RobotServiceModule
	EndGlobalSection
	GlobalSection(SolutionConfigurationPlatforms) = preSolution
		Debug|Any CPU = Debug|Any CPU
		Debug|Mixed Platforms = Debug|Mixed Platforms
		Debug|x86 = Debug|x86
		Release|Any CPU = Release|Any CPU
		Release|Mixed Platforms = Release|Mixed Platforms
		Release|x86 = Release|x86
	EndGlobalSection
	GlobalSection(ProjectConfigurationPlatforms) = postSolution
		{10F758BD-3DC4-4AEE-B4A2-21E94BD69119}.Debug|Any CPU.ActiveCfg = Debug|x86
		{10F758BD-3DC4-4AEE-B4A2-21E94BD69119}.Debug|Mixed Platforms.ActiveCfg = Debug|x86
		{10F758BD-3DC4-4AEE-B4A2-21E94BD69119}.Debug|Mixed Platforms.Build.0 = Debug|x86
		{10F758BD-3DC4-4AEE-B4A2-21E94BD69119}.Debug|x86.ActiveCfg = Debug|x86
		{10F758BD-3DC4-4AEE-B4A2-21E94BD69119}.Debug|x86.Build.0 = Debug|x86
		{10F758BD-3DC4-4AEE-B4A2-21E94BD69119}.Release|Any CPU.ActiveCfg = Release|x86
		{10F758BD-3DC4-4AEE-B4A2-21E94BD69119}.Release|Mixed Platforms.ActiveCfg = Release|x86
		{10F758BD-3DC4-4AEE-B4A2-21E94BD69119}.Release|Mixed Platforms.Build.0 = Release|x86
		{10F758BD-3DC4-4AEE-B4A2-21E94BD69119}.Release|x86.ActiveCfg = Release|x86
		{10F758BD-3DC4-4AEE-B4A2-21E94BD69119}.Release|x86.Build.0 = Release|x86
		{A43E4D2F-4E21-46A9-B42B-F8BA6B969259}.Debug|Any CPU.ActiveCfg = Debug|Any CPU
		{A43E4D2F-4E21-46A9-B42B-F8BA6B969259}.Debug|Any CPU.Build.0 = Debug|Any CPU
		{A43E4D2F-4E21-46A9-B42B-F8BA6B969259}.Debug|Mixed Platforms.ActiveCfg = Debug|Any CPU
		{A43E4D2F-4E21-46A9-B42B-F8BA6B969259}.Debug|Mixed Platforms.Build.0 = Debug|Any CPU
		{A43E4D2F-4E21-46A9-B42B-F8BA6B969259}.Debug|x86.ActiveCfg = Debug|Any CPU
		{A43E4D2F-4E21-46A9-B42B-F8BA6B969259}.Release|Any CPU.ActiveCfg = Release|Any CPU
		{A43E4D2F-4E21-46A9-B42B-F8BA6B969259}.Release|Any CPU.Build.0 = Release|Any CPU
		{A43E4D2F-4E21-46A9-B42B-F8BA6B969259}.Release|Mixed Platforms.ActiveCfg = Release|Any CPU
		{A43E4D2F-4E21-46A9-B42B-F8BA6B969259}.Release|Mixed Platforms.Build.0 = Release|Any CPU
		{A43E4D2F-4E21-46A9-B42B-F8BA6B969259}.Release|x86.ActiveCfg = Release|Any CPU
		{95A2BCE9-1287-41E6-A2BF-FB5E588DCC1E}.Debug|Any CPU.ActiveCfg = Debug|Any CPU
		{95A2BCE9-1287-41E6-A2BF-FB5E588DCC1E}.Debug|Any CPU.Build.0 = Debug|Any CPU
		{95A2BCE9-1287-41E6-A2BF-FB5E588DCC1E}.Debug|Mixed Platforms.ActiveCfg = Debug|Any CPU
		{95A2BCE9-1287-41E6-A2BF-FB5E588DCC1E}.Debug|Mixed Platforms.Build.0 = Debug|Any CPU
		{95A2BCE9-1287-41E6-A2BF-FB5E588DCC1E}.Debug|x86.ActiveCfg = Debug|Any CPU
		{95A2BCE9-1287-41E6-A2BF-FB5E588DCC1E}.Release|Any CPU.ActiveCfg = Release|Any CPU
		{95A2BCE9-1287-41E6-A2BF-FB5E588DCC1E}.Release|Any CPU.Build.0 = Release|Any CPU
		{95A2BCE9-1287-41E6-A2BF-FB5E588DCC1E}.Release|Mixed Platforms.ActiveCfg = Release|Any CPU
		{95A2BCE9-1287-41E6-A2BF-FB5E588DCC1E}.Release|Mixed Platforms.Build.0 = Release|Any CPU
		{95A2BCE9-1287-41E6-A2BF-FB5E588DCC1E}.Release|x86.ActiveCfg = Release|Any CPU
		{D5B1948C-5B78-4BE4-9FEB-FC82D431FED4}.Debug|Any CPU.ActiveCfg = Debug|Any CPU
		{D5B1948C-5B78-4BE4-9FEB-FC82D431FED4}.Debug|Any CPU.Build.0 = Debug|Any CPU
		{D5B1948C-5B78-4BE4-9FEB-FC82D431FED4}.Debug|Mixed Platforms.ActiveCfg = Debug|Any CPU
		{D5B1948C-5B78-4BE4-9FEB-FC82D431FED4}.Debug|Mixed Platforms.Build.0 = Debug|Any CPU
		{D5B1948C-5B78-4BE4-9FEB-FC82D431FED4}.Debug|x86.ActiveCfg = Debug|Any CPU
		{D5B1948C-5B78-4BE4-9FEB-FC82D431FED4}.Release|Any CPU.ActiveCfg = Release|Any CPU
		{D5B1948C-5B78-4BE4-9FEB-FC82D431FED4}.Release|Any CPU.Build.0 = Release|Any CPU
		{D5B1948C-5B78-4BE4-9FEB-FC82D431FED4}.Release|Mixed Platforms.ActiveCfg = Release|Any CPU
		{D5B1948C-5B78-4BE4-9FEB-FC82D431FED4}.Release|Mixed Platforms.Build.0 = Release|Any CPU
		{D5B1948C-5B78-4BE4-9FEB-FC82D431FED4}.Release|x86.ActiveCfg = Release|Any CPU
		{2BF8E6EC-095A-4FB8-A5F7-8DC2475D3140}.Debug|Any CPU.ActiveCfg = Debug|x86
		{2BF8E6EC-095A-4FB8-A5F7-8DC2475D3140}.Debug|Mixed Platforms.ActiveCfg = Debug|x86
		{2BF8E6EC-095A-4FB8-A5F7-8DC2475D3140}.Debug|Mixed Platforms.Build.0 = Debug|x86
		{2BF8E6EC-095A-4FB8-A5F7-8DC2475D3140}.Debug|x86.ActiveCfg = Debug|x86
		{2BF8E6EC-095A-4FB8-A5F7-8DC2475D3140}.Debug|x86.Build.0 = Debug|x86
		{2BF8E6EC-095A-4FB8-A5F7-8DC2475D3140}.Release|Any CPU.ActiveCfg = Release|x86
		{2BF8E6EC-095A-4FB8-A5F7-8DC2475D3140}.Release|Mixed Platforms.ActiveCfg = Release|x86
		{2BF8E6EC-095A-4FB8-A5F7-8DC2475D3140}.Release|Mixed Platforms.Build.0 = Release|x86
		{2BF8E6EC-095A-4FB8-A5F7-8DC2475D3140}.Release|x86.ActiveCfg = Release|x86
		{2BF8E6EC-095A-4FB8-A5F7-8DC2475D3140}.Release|x86.Build.0 = Release|x86
		{4E4EFD83-6846-47FC-B9C7-8663B18270D6}.Debug|Any CPU.ActiveCfg = Debug|x86
		{4E4EFD83-6846-47FC-B9C7-8663B18270D6}.Debug|Mixed Platforms.ActiveCfg = Debug|x86
		{4E4EFD83-6846-47FC-B9C7-8663B18270D6}.Debug|Mixed Platforms.Build.0 = Debug|x86
		{4E4EFD83-6846-47FC-B9C7-8663B18270D6}.Debug|x86.ActiveCfg = Debug|x86
		{4E4EFD83-6846-47FC-B9C7-8663B18270D6}.Debug|x86.Build.0 = Debug|x86
		{4E4EFD83-6846-47FC-B9C7-8663B18270D6}.Release|Any CPU.ActiveCfg = Release|x86
		{4E4EFD83-6846-47FC-B9C7-8663B18270D6}.Release|Mixed Platforms.ActiveCfg = Release|x86
		{4E4EFD83-6846-47FC-B9C7-8663B18270D6}.Release|Mixed Platforms.Build.0 = Release|x86
		{4E4EFD83-6846-47FC-B9C7-8663B18270D6}.Release|x86.ActiveCfg = Release|x86
		{4E4EFD83-6846-47FC-B9C7-8663B18270D6}.Release|x86.Build.0 = Release|x86
		{8C01E4F4-EC11-4599-87A6-CF84F720F0A8}.Debug|Any CPU.ActiveCfg = Debug|Any CPU
		{8C01E4F4-EC11-4599-87A6-CF84F720F0A8}.Debug|Any CPU.Build.0 = Debug|Any CPU
		{8C01E4F4-EC11-4599-87A6-CF84F720F0A8}.Debug|Mixed Platforms.ActiveCfg = Debug|Any CPU
		{8C01E4F4-EC11-4599-87A6-CF84F720F0A8}.Debug|Mixed Platforms.Build.0 = Debug|Any CPU
		{8C01E4F4-EC11-4599-87A6-CF84F720F0A8}.Debug|x86.ActiveCfg = Debug|Any CPU
		{8C01E4F4-EC11-4599-87A6-CF84F720F0A8}.Release|Any CPU.ActiveCfg = Release|Any CPU
		{8C01E4F4-EC11-4599-87A6-CF84F720F0A8}.Release|Any CPU.Build.0 = Release|Any CPU
		{8C01E4F4-EC11-4599-87A6-CF84F720F0A8}.Release|Mixed Platforms.ActiveCfg = Release|Any CPU
		{8C01E4F4-EC11-4599-87A6-CF84F720F0A8}.Release|Mixed Platforms.Build.0 = Release|Any CPU
		{8C01E4F4-EC11-4599-87A6-CF84F720F0A8}.Release|x86.ActiveCfg = Release|Any CPU
		{68D2F57A-1F38-49D4-AAC9-644361D35F68}.Debug|Any CPU.ActiveCfg = Debug|Any CPU
		{68D2F57A-1F38-49D4-AAC9-644361D35F68}.Debug|Any CPU.Build.0 = Debug|Any CPU
		{68D2F57A-1F38-49D4-AAC9-644361D35F68}.Debug|Any CPU.Deploy.0 = Debug|Any CPU
		{68D2F57A-1F38-49D4-AAC9-644361D35F68}.Debug|Mixed Platforms.ActiveCfg = Debug|Any CPU
		{68D2F57A-1F38-49D4-AAC9-644361D35F68}.Debug|Mixed Platforms.Build.0 = Debug|Any CPU
		{68D2F57A-1F38-49D4-AAC9-644361D35F68}.Debug|Mixed Platforms.Deploy.0 = Debug|Any CPU
		{68D2F57A-1F38-49D4-AAC9-644361D35F68}.Debug|x86.ActiveCfg = Debug|Any CPU
		{68D2F57A-1F38-49D4-AAC9-644361D35F68}.Release|Any CPU.ActiveCfg = Release|Any CPU
		{68D2F57A-1F38-49D4-AAC9-644361D35F68}.Release|Any CPU.Build.0 = Release|Any CPU
		{68D2F57A-1F38-49D4-AAC9-644361D35F68}.Release|Any CPU.Deploy.0 = Release|Any CPU
		{68D2F57A-1F38-49D4-AAC9-644361D35F68}.Release|Mixed Platforms.ActiveCfg = Release|Any CPU
		{68D2F57A-1F38-49D4-AAC9-644361D35F68}.Release|Mixed Platforms.Build.0 = Release|Any CPU
		{68D2F57A-1F38-49D4-AAC9-644361D35F68}.Release|Mixed Platforms.Deploy.0 = Release|Any CPU
		{68D2F57A-1F38-49D4-AAC9-644361D35F68}.Release|x86.ActiveCfg = Release|Any CPU
		{017933F3-8BFE-44A2-9A65-D6F851C15323}.Debug|Any CPU.ActiveCfg = Debug|Any CPU
		{017933F3-8BFE-44A2-9A65-D6F851C15323}.Debug|Any CPU.Build.0 = Debug|Any CPU
		{017933F3-8BFE-44A2-9A65-D6F851C15323}.Debug|Mixed Platforms.ActiveCfg = Debug|Any CPU
		{017933F3-8BFE-44A2-9A65-D6F851C15323}.Debug|Mixed Platforms.Build.0 = Debug|Any CPU
		{017933F3-8BFE-44A2-9A65-D6F851C15323}.Debug|x86.ActiveCfg = Debug|Any CPU
		{017933F3-8BFE-44A2-9A65-D6F851C15323}.Release|Any CPU.ActiveCfg = Release|Any CPU
		{017933F3-8BFE-44A2-9A65-D6F851C15323}.Release|Any CPU.Build.0 = Release|Any CPU
		{017933F3-8BFE-44A2-9A65-D6F851C15323}.Release|Mixed Platforms.ActiveCfg = Release|Any CPU
		{017933F3-8BFE-44A2-9A65-D6F851C15323}.Release|Mixed Platforms.Build.0 = Release|Any CPU
		{017933F3-8BFE-44A2-9A65-D6F851C15323}.Release|x86.ActiveCfg = Release|Any CPU
		{A9B84F4C-C21B-4588-B54A-63947172F81F}.Debug|Any CPU.ActiveCfg = Debug|Any CPU
		{A9B84F4C-C21B-4588-B54A-63947172F81F}.Debug|Any CPU.Build.0 = Debug|Any CPU
		{A9B84F4C-C21B-4588-B54A-63947172F81F}.Debug|Mixed Platforms.ActiveCfg = Debug|Any CPU
		{A9B84F4C-C21B-4588-B54A-63947172F81F}.Debug|Mixed Platforms.Build.0 = Debug|Any CPU
		{A9B84F4C-C21B-4588-B54A-63947172F81F}.Debug|x86.ActiveCfg = Debug|Any CPU
		{A9B84F4C-C21B-4588-B54A-63947172F81F}.Release|Any CPU.ActiveCfg = Release|Any CPU
		{A9B84F4C-C21B-4588-B54A-63947172F81F}.Release|Any CPU.Build.0 = Release|Any CPU
		{A9B84F4C-C21B-4588-B54A-63947172F81F}.Release|Mixed Platforms.ActiveCfg = Release|Any CPU
		{A9B84F4C-C21B-4588-B54A-63947172F81F}.Release|Mixed Platforms.Build.0 = Release|Any CPU
		{A9B84F4C-C21B-4588-B54A-63947172F81F}.Release|x86.ActiveCfg = Release|Any CPU
		{88D6D3D4-5033-46E6-95A0-716B7F8A131C}.Debug|Any CPU.ActiveCfg = Debug|Any CPU
		{88D6D3D4-5033-46E6-95A0-716B7F8A131C}.Debug|Any CPU.Build.0 = Debug|Any CPU
		{88D6D3D4-5033-46E6-95A0-716B7F8A131C}.Debug|Mixed Platforms.ActiveCfg = Debug|Any CPU
		{88D6D3D4-5033-46E6-95A0-716B7F8A131C}.Debug|Mixed Platforms.Build.0 = Debug|Any CPU
		{88D6D3D4-5033-46E6-95A0-716B7F8A131C}.Debug|x86.ActiveCfg = Debug|Any CPU
		{88D6D3D4-5033-46E6-95A0-716B7F8A131C}.Release|Any CPU.ActiveCfg = Release|Any CPU
		{88D6D3D4-5033-46E6-95A0-716B7F8A131C}.Release|Any CPU.Build.0 = Release|Any CPU
		{88D6D3D4-5033-46E6-95A0-716B7F8A131C}.Release|Mixed Platforms.ActiveCfg = Release|Any CPU
		{88D6D3D4-5033-46E6-95A0-716B7F8A131C}.Release|Mixed Platforms.Build.0 = Release|Any CPU
		{88D6D3D4-5033-46E6-95A0-716B7F8A131C}.Release|x86.ActiveCfg = Release|Any CPU
		{2AB0ED8D-4AC6-4F28-A12C-EA907FD3B348}.Debug|Any CPU.ActiveCfg = Debug|x86
		{2AB0ED8D-4AC6-4F28-A12C-EA907FD3B348}.Debug|Mixed Platforms.ActiveCfg = Debug|x86
		{2AB0ED8D-4AC6-4F28-A12C-EA907FD3B348}.Debug|Mixed Platforms.Build.0 = Debug|x86
		{2AB0ED8D-4AC6-4F28-A12C-EA907FD3B348}.Debug|x86.ActiveCfg = Debug|x86
		{2AB0ED8D-4AC6-4F28-A12C-EA907FD3B348}.Debug|x86.Build.0 = Debug|x86
		{2AB0ED8D-4AC6-4F28-A12C-EA907FD3B348}.Release|Any CPU.ActiveCfg = Release|x86
		{2AB0ED8D-4AC6-4F28-A12C-EA907FD3B348}.Release|Mixed Platforms.ActiveCfg = Release|x86
		{2AB0ED8D-4AC6-4F28-A12C-EA907FD3B348}.Release|Mixed Platforms.Build.0 = Release|x86
		{2AB0ED8D-4AC6-4F28-A12C-EA907FD3B348}.Release|x86.ActiveCfg = Release|x86
		{2AB0ED8D-4AC6-4F28-A12C-EA907FD3B348}.Release|x86.Build.0 = Release|x86
		{84D88F19-C125-4E69-94C9-B2F9D01B9286}.Debug|Any CPU.ActiveCfg = Debug|x86
		{84D88F19-C125-4E69-94C9-B2F9D01B9286}.Debug|Mixed Platforms.ActiveCfg = Debug|x86
		{84D88F19-C125-4E69-94C9-B2F9D01B9286}.Debug|Mixed Platforms.Build.0 = Debug|x86
		{84D88F19-C125-4E69-94C9-B2F9D01B9286}.Debug|x86.ActiveCfg = Debug|x86
		{84D88F19-C125-4E69-94C9-B2F9D01B9286}.Debug|x86.Build.0 = Debug|x86
		{84D88F19-C125-4E69-94C9-B2F9D01B9286}.Release|Any CPU.ActiveCfg = Release|x86
		{84D88F19-C125-4E69-94C9-B2F9D01B9286}.Release|Mixed Platforms.ActiveCfg = Release|x86
		{84D88F19-C125-4E69-94C9-B2F9D01B9286}.Release|Mixed Platforms.Build.0 = Release|x86
		{84D88F19-C125-4E69-94C9-B2F9D01B9286}.Release|x86.ActiveCfg = Release|x86
		{84D88F19-C125-4E69-94C9-B2F9D01B9286}.Release|x86.Build.0 = Release|x86
		{D7B1E6D3-EF78-494A-A583-25238880B4F8}.Debug|Any CPU.ActiveCfg = Debug|x86
		{D7B1E6D3-EF78-494A-A583-25238880B4F8}.Debug|Mixed Platforms.ActiveCfg = Debug|x86
		{D7B1E6D3-EF78-494A-A583-25238880B4F8}.Debug|Mixed Platforms.Build.0 = Debug|x86
		{D7B1E6D3-EF78-494A-A583-25238880B4F8}.Debug|x86.ActiveCfg = Debug|x86
		{D7B1E6D3-EF78-494A-A583-25238880B4F8}.Debug|x86.Build.0 = Debug|x86
		{D7B1E6D3-EF78-494A-A583-25238880B4F8}.Release|Any CPU.ActiveCfg = Release|x86
		{D7B1E6D3-EF78-494A-A583-25238880B4F8}.Release|Mixed Platforms.ActiveCfg = Release|x86
		{D7B1E6D3-EF78-494A-A583-25238880B4F8}.Release|Mixed Platforms.Build.0 = Release|x86
		{D7B1E6D3-EF78-494A-A583-25238880B4F8}.Release|x86.ActiveCfg = Release|x86
		{D7B1E6D3-EF78-494A-A583-25238880B4F8}.Release|x86.Build.0 = Release|x86
		{A61A3215-3D44-4FF6-B511-8204EA1BF2DD}.Debug|Any CPU.ActiveCfg = Debug|Any CPU
		{A61A3215-3D44-4FF6-B511-8204EA1BF2DD}.Debug|Any CPU.Build.0 = Debug|Any CPU
		{A61A3215-3D44-4FF6-B511-8204EA1BF2DD}.Debug|Mixed Platforms.ActiveCfg = Debug|Any CPU
		{A61A3215-3D44-4FF6-B511-8204EA1BF2DD}.Debug|Mixed Platforms.Build.0 = Debug|Any CPU
		{A61A3215-3D44-4FF6-B511-8204EA1BF2DD}.Debug|x86.ActiveCfg = Debug|Any CPU
		{A61A3215-3D44-4FF6-B511-8204EA1BF2DD}.Release|Any CPU.ActiveCfg = Release|Any CPU
		{A61A3215-3D44-4FF6-B511-8204EA1BF2DD}.Release|Any CPU.Build.0 = Release|Any CPU
		{A61A3215-3D44-4FF6-B511-8204EA1BF2DD}.Release|Mixed Platforms.ActiveCfg = Release|Any CPU
		{A61A3215-3D44-4FF6-B511-8204EA1BF2DD}.Release|Mixed Platforms.Build.0 = Release|Any CPU
		{A61A3215-3D44-4FF6-B511-8204EA1BF2DD}.Release|x86.ActiveCfg = Release|Any CPU
		{BE5EB8BB-A181-4041-93DC-A46F65A48080}.Debug|Any CPU.ActiveCfg = Debug|x86
		{BE5EB8BB-A181-4041-93DC-A46F65A48080}.Debug|Mixed Platforms.ActiveCfg = Debug|x86
		{BE5EB8BB-A181-4041-93DC-A46F65A48080}.Debug|Mixed Platforms.Build.0 = Debug|x86
		{BE5EB8BB-A181-4041-93DC-A46F65A48080}.Debug|x86.ActiveCfg = Debug|x86
		{BE5EB8BB-A181-4041-93DC-A46F65A48080}.Debug|x86.Build.0 = Debug|x86
		{BE5EB8BB-A181-4041-93DC-A46F65A48080}.Release|Any CPU.ActiveCfg = Release|x86
		{BE5EB8BB-A181-4041-93DC-A46F65A48080}.Release|Mixed Platforms.ActiveCfg = Release|x86
		{BE5EB8BB-A181-4041-93DC-A46F65A48080}.Release|Mixed Platforms.Build.0 = Release|x86
		{BE5EB8BB-A181-4041-93DC-A46F65A48080}.Release|x86.ActiveCfg = Release|x86
		{BE5EB8BB-A181-4041-93DC-A46F65A48080}.Release|x86.Build.0 = Release|x86
		{81415F56-3DF1-4910-A9D1-6873118D1D8B}.Debug|Any CPU.ActiveCfg = Debug|Any CPU
		{81415F56-3DF1-4910-A9D1-6873118D1D8B}.Debug|Any CPU.Build.0 = Debug|Any CPU
		{81415F56-3DF1-4910-A9D1-6873118D1D8B}.Debug|Mixed Platforms.ActiveCfg = Debug|Any CPU
		{81415F56-3DF1-4910-A9D1-6873118D1D8B}.Debug|Mixed Platforms.Build.0 = Debug|Any CPU
		{81415F56-3DF1-4910-A9D1-6873118D1D8B}.Debug|x86.ActiveCfg = Debug|Any CPU
		{81415F56-3DF1-4910-A9D1-6873118D1D8B}.Release|Any CPU.ActiveCfg = Release|Any CPU
		{81415F56-3DF1-4910-A9D1-6873118D1D8B}.Release|Any CPU.Build.0 = Release|Any CPU
		{81415F56-3DF1-4910-A9D1-6873118D1D8B}.Release|Mixed Platforms.ActiveCfg = Release|Any CPU
		{81415F56-3DF1-4910-A9D1-6873118D1D8B}.Release|Mixed Platforms.Build.0 = Release|Any CPU
		{81415F56-3DF1-4910-A9D1-6873118D1D8B}.Release|x86.ActiveCfg = Release|Any CPU
		{FF6E35E2-6744-4C10-A749-CBD22A4AE937}.Debug|Any CPU.ActiveCfg = Debug|Any CPU
		{FF6E35E2-6744-4C10-A749-CBD22A4AE937}.Debug|Any CPU.Build.0 = Debug|Any CPU
		{FF6E35E2-6744-4C10-A749-CBD22A4AE937}.Debug|Mixed Platforms.ActiveCfg = Debug|Any CPU
		{FF6E35E2-6744-4C10-A749-CBD22A4AE937}.Debug|Mixed Platforms.Build.0 = Debug|Any CPU
		{FF6E35E2-6744-4C10-A749-CBD22A4AE937}.Debug|x86.ActiveCfg = Debug|Any CPU
		{FF6E35E2-6744-4C10-A749-CBD22A4AE937}.Release|Any CPU.ActiveCfg = Release|Any CPU
		{FF6E35E2-6744-4C10-A749-CBD22A4AE937}.Release|Any CPU.Build.0 = Release|Any CPU
		{FF6E35E2-6744-4C10-A749-CBD22A4AE937}.Release|Mixed Platforms.ActiveCfg = Release|Any CPU
		{FF6E35E2-6744-4C10-A749-CBD22A4AE937}.Release|Mixed Platforms.Build.0 = Release|Any CPU
		{FF6E35E2-6744-4C10-A749-CBD22A4AE937}.Release|x86.ActiveCfg = Release|Any CPU
		{C24F6FEF-7F2B-4DE9-81B0-A3049A561A46}.Debug|Any CPU.ActiveCfg = Debug|Any CPU
		{C24F6FEF-7F2B-4DE9-81B0-A3049A561A46}.Debug|Any CPU.Build.0 = Debug|Any CPU
		{C24F6FEF-7F2B-4DE9-81B0-A3049A561A46}.Debug|Mixed Platforms.ActiveCfg = Debug|Any CPU
		{C24F6FEF-7F2B-4DE9-81B0-A3049A561A46}.Debug|Mixed Platforms.Build.0 = Debug|Any CPU
		{C24F6FEF-7F2B-4DE9-81B0-A3049A561A46}.Debug|x86.ActiveCfg = Debug|Any CPU
		{C24F6FEF-7F2B-4DE9-81B0-A3049A561A46}.Release|Any CPU.ActiveCfg = Release|Any CPU
		{C24F6FEF-7F2B-4DE9-81B0-A3049A561A46}.Release|Any CPU.Build.0 = Release|Any CPU
		{C24F6FEF-7F2B-4DE9-81B0-A3049A561A46}.Release|Mixed Platforms.ActiveCfg = Release|Any CPU
		{C24F6FEF-7F2B-4DE9-81B0-A3049A561A46}.Release|Mixed Platforms.Build.0 = Release|Any CPU
		{C24F6FEF-7F2B-4DE9-81B0-A3049A561A46}.Release|x86.ActiveCfg = Release|Any CPU
		{05DEB622-F41F-433E-A3C0-D795BC66F538}.Debug|Any CPU.ActiveCfg = Debug|Any CPU
		{05DEB622-F41F-433E-A3C0-D795BC66F538}.Debug|Any CPU.Build.0 = Debug|Any CPU
		{05DEB622-F41F-433E-A3C0-D795BC66F538}.Debug|Any CPU.Deploy.0 = Debug|Any CPU
		{05DEB622-F41F-433E-A3C0-D795BC66F538}.Debug|Mixed Platforms.ActiveCfg = Debug|Any CPU
		{05DEB622-F41F-433E-A3C0-D795BC66F538}.Debug|Mixed Platforms.Build.0 = Debug|Any CPU
		{05DEB622-F41F-433E-A3C0-D795BC66F538}.Debug|Mixed Platforms.Deploy.0 = Debug|Any CPU
		{05DEB622-F41F-433E-A3C0-D795BC66F538}.Debug|x86.ActiveCfg = Debug|Any CPU
		{05DEB622-F41F-433E-A3C0-D795BC66F538}.Release|Any CPU.ActiveCfg = Release|Any CPU
		{05DEB622-F41F-433E-A3C0-D795BC66F538}.Release|Any CPU.Build.0 = Release|Any CPU
		{05DEB622-F41F-433E-A3C0-D795BC66F538}.Release|Any CPU.Deploy.0 = Release|Any CPU
		{05DEB622-F41F-433E-A3C0-D795BC66F538}.Release|Mixed Platforms.ActiveCfg = Release|Any CPU
		{05DEB622-F41F-433E-A3C0-D795BC66F538}.Release|Mixed Platforms.Build.0 = Release|Any CPU
		{05DEB622-F41F-433E-A3C0-D795BC66F538}.Release|Mixed Platforms.Deploy.0 = Release|Any CPU
		{05DEB622-F41F-433E-A3C0-D795BC66F538}.Release|x86.ActiveCfg = Release|Any CPU
		{DA8E18C6-43C8-4FF6-8E46-3B86A31A2B91}.Debug|Any CPU.ActiveCfg = Debug|Any CPU
		{DA8E18C6-43C8-4FF6-8E46-3B86A31A2B91}.Debug|Any CPU.Build.0 = Debug|Any CPU
		{DA8E18C6-43C8-4FF6-8E46-3B86A31A2B91}.Debug|Mixed Platforms.ActiveCfg = Debug|Any CPU
		{DA8E18C6-43C8-4FF6-8E46-3B86A31A2B91}.Debug|Mixed Platforms.Build.0 = Debug|Any CPU
		{DA8E18C6-43C8-4FF6-8E46-3B86A31A2B91}.Debug|x86.ActiveCfg = Debug|Any CPU
		{DA8E18C6-43C8-4FF6-8E46-3B86A31A2B91}.Release|Any CPU.ActiveCfg = Release|Any CPU
		{DA8E18C6-43C8-4FF6-8E46-3B86A31A2B91}.Release|Any CPU.Build.0 = Release|Any CPU
		{DA8E18C6-43C8-4FF6-8E46-3B86A31A2B91}.Release|Mixed Platforms.ActiveCfg = Release|Any CPU
		{DA8E18C6-43C8-4FF6-8E46-3B86A31A2B91}.Release|Mixed Platforms.Build.0 = Release|Any CPU
		{DA8E18C6-43C8-4FF6-8E46-3B86A31A2B91}.Release|x86.ActiveCfg = Release|Any CPU
		{6D3FD1A3-B290-48A7-A71A-1364979D0224}.Debug|Any CPU.ActiveCfg = Debug|Any CPU
		{6D3FD1A3-B290-48A7-A71A-1364979D0224}.Debug|Any CPU.Build.0 = Debug|Any CPU
		{6D3FD1A3-B290-48A7-A71A-1364979D0224}.Debug|Mixed Platforms.ActiveCfg = Debug|Any CPU
		{6D3FD1A3-B290-48A7-A71A-1364979D0224}.Debug|Mixed Platforms.Build.0 = Debug|Any CPU
		{6D3FD1A3-B290-48A7-A71A-1364979D0224}.Debug|x86.ActiveCfg = Debug|Any CPU
		{6D3FD1A3-B290-48A7-A71A-1364979D0224}.Release|Any CPU.ActiveCfg = Release|Any CPU
		{6D3FD1A3-B290-48A7-A71A-1364979D0224}.Release|Any CPU.Build.0 = Release|Any CPU
		{6D3FD1A3-B290-48A7-A71A-1364979D0224}.Release|Mixed Platforms.ActiveCfg = Release|Any CPU
		{6D3FD1A3-B290-48A7-A71A-1364979D0224}.Release|Mixed Platforms.Build.0 = Release|Any CPU
		{6D3FD1A3-B290-48A7-A71A-1364979D0224}.Release|x86.ActiveCfg = Release|Any CPU
		{E71ABE46-2699-403E-B7E8-ECDA8BBE8E05}.Debug|Any CPU.ActiveCfg = Debug|Any CPU
		{E71ABE46-2699-403E-B7E8-ECDA8BBE8E05}.Debug|Any CPU.Build.0 = Debug|Any CPU
		{E71ABE46-2699-403E-B7E8-ECDA8BBE8E05}.Debug|Mixed Platforms.ActiveCfg = Debug|Any CPU
		{E71ABE46-2699-403E-B7E8-ECDA8BBE8E05}.Debug|Mixed Platforms.Build.0 = Debug|Any CPU
		{E71ABE46-2699-403E-B7E8-ECDA8BBE8E05}.Debug|x86.ActiveCfg = Debug|Any CPU
		{E71ABE46-2699-403E-B7E8-ECDA8BBE8E05}.Release|Any CPU.ActiveCfg = Release|Any CPU
		{E71ABE46-2699-403E-B7E8-ECDA8BBE8E05}.Release|Any CPU.Build.0 = Release|Any CPU
		{E71ABE46-2699-403E-B7E8-ECDA8BBE8E05}.Release|Mixed Platforms.ActiveCfg = Release|Any CPU
		{E71ABE46-2699-403E-B7E8-ECDA8BBE8E05}.Release|Mixed Platforms.Build.0 = Release|Any CPU
		{E71ABE46-2699-403E-B7E8-ECDA8BBE8E05}.Release|x86.ActiveCfg = Release|Any CPU
	EndGlobalSection
	GlobalSection(SolutionProperties) = preSolution
		HideSolutionNode = FALSE
	EndGlobalSection
	GlobalSection(NestedProjects) = preSolution
		{A43E4D2F-4E21-46A9-B42B-F8BA6B969259} = {700FC446-DFAB-4E3E-A115-CB2FE18985EF}
		{95A2BCE9-1287-41E6-A2BF-FB5E588DCC1E} = {700FC446-DFAB-4E3E-A115-CB2FE18985EF}
		{D5B1948C-5B78-4BE4-9FEB-FC82D431FED4} = {700FC446-DFAB-4E3E-A115-CB2FE18985EF}
		{A61A3215-3D44-4FF6-B511-8204EA1BF2DD} = {700FC446-DFAB-4E3E-A115-CB2FE18985EF}
		{10F758BD-3DC4-4AEE-B4A2-21E94BD69119} = {8160A695-11B2-43A4-A50D-C1369650752C}
		{2BF8E6EC-095A-4FB8-A5F7-8DC2475D3140} = {8160A695-11B2-43A4-A50D-C1369650752C}
		{4E4EFD83-6846-47FC-B9C7-8663B18270D6} = {8160A695-11B2-43A4-A50D-C1369650752C}
		{8C01E4F4-EC11-4599-87A6-CF84F720F0A8} = {8160A695-11B2-43A4-A50D-C1369650752C}
		{017933F3-8BFE-44A2-9A65-D6F851C15323} = {8160A695-11B2-43A4-A50D-C1369650752C}
		{88D6D3D4-5033-46E6-95A0-716B7F8A131C} = {8160A695-11B2-43A4-A50D-C1369650752C}
		{2AB0ED8D-4AC6-4F28-A12C-EA907FD3B348} = {8160A695-11B2-43A4-A50D-C1369650752C}
		{84D88F19-C125-4E69-94C9-B2F9D01B9286} = {8160A695-11B2-43A4-A50D-C1369650752C}
		{A9B84F4C-C21B-4588-B54A-63947172F81F} = {ADAF4727-D454-4FE7-8BED-4E0D81BFBFE2}
		{68D2F57A-1F38-49D4-AAC9-644361D35F68} = {ECCE6082-5CAD-4B8F-9B22-E9E084EDEA82}
		{D7B1E6D3-EF78-494A-A583-25238880B4F8} = {ECCE6082-5CAD-4B8F-9B22-E9E084EDEA82}
		{BE5EB8BB-A181-4041-93DC-A46F65A48080} = {D1864931-BB2B-44F0-BDBC-A69D108C3C63}
		{81415F56-3DF1-4910-A9D1-6873118D1D8B} = {D1864931-BB2B-44F0-BDBC-A69D108C3C63}
		{FF6E35E2-6744-4C10-A749-CBD22A4AE937} = {D1864931-BB2B-44F0-BDBC-A69D108C3C63}
		{C24F6FEF-7F2B-4DE9-81B0-A3049A561A46} = {D1864931-BB2B-44F0-BDBC-A69D108C3C63}
		{05DEB622-F41F-433E-A3C0-D795BC66F538} = {D1864931-BB2B-44F0-BDBC-A69D108C3C63}
		{DA8E18C6-43C8-4FF6-8E46-3B86A31A2B91} = {D1864931-BB2B-44F0-BDBC-A69D108C3C63}
		{6D3FD1A3-B290-48A7-A71A-1364979D0224} = {D1864931-BB2B-44F0-BDBC-A69D108C3C63}
		{E71ABE46-2699-403E-B7E8-ECDA8BBE8E05} = {D1864931-BB2B-44F0-BDBC-A69D108C3C63}
	EndGlobalSection
EndGlobal
